
Microsoft Visual Studio Solution File, Format Version 12.00
# Visual Studio Version 17
VisualStudioVersion = 17.3.32825.248
MinimumVisualStudioVersion = 10.0.40219.1
Project("{8BC9CEB8-8B4A-11D0-8D11-00A0C91BC942}") = "03函数提高", "03函数提高.vcxproj", "{3E2BE7A0-D6BD-4173-BE74-8AAAE979C7C7}"
EndProject
Global
	GlobalSection(SolutionConfigurationPlatforms) = preSolution
		Debug|x64 = Debug|x64
		Debug|x86 = Debug|x86
		Release|x64 = Release|x64
		Release|x86 = Release|x86
	EndGlobalSection
	GlobalSection(ProjectConfigurationPlatforms) = postSolution
		{3E2BE7A0-D6BD-4173-BE74-8AAAE979C7C7}.Debug|x64.ActiveCfg = Debug|x64
		{3E2BE7A0-D6BD-4173-BE74-8AAAE979C7C7}.Debug|x64.Build.0 = Debug|x64
		{3E2BE7A0-D6BD-4173-BE74-8AAAE979C7C7}.Debug|x86.ActiveCfg = Debug|Win32
		{3E2BE7A0-D6BD-4173-BE74-8AAAE979C7C7}.Debug|x86.Build.0 = Debug|Win32
		{3E2BE7A0-D6BD-4173-BE74-8AAAE979C7C7}.Release|x64.ActiveCfg = Release|x64
		{3E2BE7A0-D6BD-4173-BE74-8AAAE979C7C7}.Release|x64.Build.0 = Release|x64
		{3E2BE7A0-D6BD-4173-BE74-8AAAE979C7C7}.Release|x86.ActiveCfg = Release|Win32
		{3E2BE7A0-D6BD-4173-BE74-8AAAE979C7C7}.Release|x86.Build.0 = Release|Win32
	EndGlobalSection
	GlobalSection(SolutionProperties) = preSolution
		HideSolutionNode = FALSE
	EndGlobalSection
	GlobalSection(ExtensibilityGlobals) = postSolution
		SolutionGuid = {01461017-CF8F-431D-B74D-9E750C7682B5}
	EndGlobalSection
EndGlobal
